
Microsoft Visual Studio Solution File, Format Version 12.00
# Visual Studio Version 16
VisualStudioVersion = 16.0.31624.102
MinimumVisualStudioVersion = 10.0.40219.1
Project("{FAE04EC0-301F-11D3-BF4B-00C04F79EFBC}") = "ShoppingCart.Web", "ShoppingCart.Web\ShoppingCart.Web.csproj", "{C3C0B121-41A4-4083-A5EA-B393BAD626F6}"
EndProject
Project("{FAE04EC0-301F-11D3-BF4B-00C04F79EFBC}") = "ShoppingCart.Domain", "ShoppingCart.Domain\ShoppingCart.Domain.csproj", "{167E3FE3-20AC-45E1-B4F3-517C9358B9A2}"
EndProject
Project("{FAE04EC0-301F-11D3-BF4B-00C04F79EFBC}") = "ShoppingCart.Data", "ShoppingCart.Data\ShoppingCart.Data.csproj", "{67FD1D31-14DA-4E02-933B-5D563E0D47B4}"
EndProject
Global
	GlobalSection(SolutionConfigurationPlatforms) = preSolution
		Debug|Any CPU = Debug|Any CPU
		Release|Any CPU = Release|Any CPU
	EndGlobalSection
	GlobalSection(ProjectConfigurationPlatforms) = postSolution
		{C3C0B121-41A4-4083-A5EA-B393BAD626F6}.Debug|Any CPU.ActiveCfg = Debug|Any CPU
		{C3C0B121-41A4-4083-A5EA-B393BAD626F6}.Debug|Any CPU.Build.0 = Debug|Any CPU
		{C3C0B121-41A4-4083-A5EA-B393BAD626F6}.Release|Any CPU.ActiveCfg = Release|Any CPU
		{C3C0B121-41A4-4083-A5EA-B393BAD626F6}.Release|Any CPU.Build.0 = Release|Any CPU
		{167E3FE3-20AC-45E1-B4F3-517C9358B9A2}.Debug|Any CPU.ActiveCfg = Debug|Any CPU
		{167E3FE3-20AC-45E1-B4F3-517C9358B9A2}.Debug|Any CPU.Build.0 = Debug|Any CPU
		{167E3FE3-20AC-45E1-B4F3-517C9358B9A2}.Release|Any CPU.ActiveCfg = Release|Any CPU
		{167E3FE3-20AC-45E1-B4F3-517C9358B9A2}.Release|Any CPU.Build.0 = Release|Any CPU
		{67FD1D31-14DA-4E02-933B-5D563E0D47B4}.Debug|Any CPU.ActiveCfg = Debug|Any CPU
		{67FD1D31-14DA-4E02-933B-5D563E0D47B4}.Debug|Any CPU.Build.0 = Debug|Any CPU
		{67FD1D31-14DA-4E02-933B-5D563E0D47B4}.Release|Any CPU.ActiveCfg = Release|Any CPU
		{67FD1D31-14DA-4E02-933B-5D563E0D47B4}.Release|Any CPU.Build.0 = Release|Any CPU
	EndGlobalSection
	GlobalSection(SolutionProperties) = preSolution
		HideSolutionNode = FALSE
	EndGlobalSection
	GlobalSection(ExtensibilityGlobals) = postSolution
		SolutionGuid = {320A0FA8-2081-4F76-BE68-FA67D0DCA73B}
	EndGlobalSection
EndGlobal
